
Microsoft Visual Studio Solution File, Format Version 12.00
# Visual Studio Version 16
VisualStudioVersion = 16.0.31410.357
MinimumVisualStudioVersion = 10.0.40219.1
Project("{FAE04EC0-301F-11D3-BF4B-00C04F79EFBC}") = "TP_Prog3", "TP_Prog3\TP_Prog3.csproj", "{49FCCD6E-FE14-462B-AA43-5E4078905C97}"
EndProject
Global
	GlobalSection(SolutionConfigurationPlatforms) = preSolution
		Debug|Any CPU = Debug|Any CPU
		Release|Any CPU = Release|Any CPU
	EndGlobalSection
	GlobalSection(ProjectConfigurationPlatforms) = postSolution
		{49FCCD6E-FE14-462B-AA43-5E4078905C97}.Debug|Any CPU.ActiveCfg = Debug|Any CPU
		{49FCCD6E-FE14-462B-AA43-5E4078905C97}.Debug|Any CPU.Build.0 = Debug|Any CPU
		{49FCCD6E-FE14-462B-AA43-5E4078905C97}.Release|Any CPU.ActiveCfg = Release|Any CPU
		{49FCCD6E-FE14-462B-AA43-5E4078905C97}.Release|Any CPU.Build.0 = Release|Any CPU
	EndGlobalSection
	GlobalSection(SolutionProperties) = preSolution
		HideSolutionNode = FALSE
	EndGlobalSection
	GlobalSection(ExtensibilityGlobals) = postSolution
		SolutionGuid = {2D9F69A2-3436-4AA7-AC27-76276CE9D331}
	EndGlobalSection
EndGlobal
